// !$*UTF8*$!
{
	archiveVersion = 1;
	classes = {
	};
	objectVersion = 51;
	objects = {

/* Begin PBXBuildFile section */
		B79E35614A0B475996DFB55A /* Pods_BlackStarWearDiplomaApp.framework in Frameworks */ = {isa = PBXBuildFile; fileRef = 21F13306C736B1B0DDE5E898 /* Pods_BlackStarWearDiplomaApp.framework */; };
		F7B89F9023B6986400F3F87F /* AppDelegate.swift in Sources */ = {isa = PBXBuildFile; fileRef = F7B89F8F23B6986400F3F87F /* AppDelegate.swift */; };
		F7B89F9223B6986400F3F87F /* SceneDelegate.swift in Sources */ = {isa = PBXBuildFile; fileRef = F7B89F9123B6986400F3F87F /* SceneDelegate.swift */; };
		F7B89F9423B6986400F3F87F /* ViewController.swift in Sources */ = {isa = PBXBuildFile; fileRef = F7B89F9323B6986400F3F87F /* ViewController.swift */; };
		F7B89F9723B6986400F3F87F /* Main.storyboard in Resources */ = {isa = PBXBuildFile; fileRef = F7B89F9523B6986400F3F87F /* Main.storyboard */; };
		F7B89F9923B6986B00F3F87F /* Assets.xcassets in Resources */ = {isa = PBXBuildFile; fileRef = F7B89F9823B6986B00F3F87F /* Assets.xcassets */; };
		F7B89F9C23B6986B00F3F87F /* LaunchScreen.storyboard in Resources */ = {isa = PBXBuildFile; fileRef = F7B89F9A23B6986B00F3F87F /* LaunchScreen.storyboard */; };
		F7B89FA423B69D2400F3F87F /* CategoriesLoader.swift in Sources */ = {isa = PBXBuildFile; fileRef = F7B89FA323B69D2400F3F87F /* CategoriesLoader.swift */; };
		F7B89FA623B69D7A00F3F87F /* JSONStructure.swift in Sources */ = {isa = PBXBuildFile; fileRef = F7B89FA523B69D7A00F3F87F /* JSONStructure.swift */; };
/* End PBXBuildFile section */

/* Begin PBXFileReference section */
		21F13306C736B1B0DDE5E898 /* Pods_BlackStarWearDiplomaApp.framework */ = {isa = PBXFileReference; explicitFileType = wrapper.framework; includeInIndex = 0; path = Pods_BlackStarWearDiplomaApp.framework; sourceTree = BUILT_PRODUCTS_DIR; };
		29C1B5E8E0F53A3818073E24 /* Pods-BlackStarWearDiplomaApp.debug.xcconfig */ = {isa = PBXFileReference; includeInIndex = 1; lastKnownFileType = text.xcconfig; name = "Pods-BlackStarWearDiplomaApp.debug.xcconfig"; path = "Target Support Files/Pods-BlackStarWearDiplomaApp/Pods-BlackStarWearDiplomaApp.debug.xcconfig"; sourceTree = "<group>"; };
		AD3DC5546B2CFCCB8BBD1D43 /* Pods-BlackStarWearDiplomaApp.release.xcconfig */ = {isa = PBXFileReference; includeInIndex = 1; lastKnownFileType = text.xcconfig; name = "Pods-BlackStarWearDiplomaApp.release.xcconfig"; path = "Target Support Files/Pods-BlackStarWearDiplomaApp/Pods-BlackStarWearDiplomaApp.release.xcconfig"; sourceTree = "<group>"; };
		F7B89F8C23B6986400F3F87F /* BlackStarWearDiplomaApp.app */ = {isa = PBXFileReference; explicitFileType = wrapper.application; includeInIndex = 0; path = BlackStarWearDiplomaApp.app; sourceTree = BUILT_PRODUCTS_DIR; };
		F7B89F8F23B6986400F3F87F /* AppDelegate.swift */ = {isa = PBXFileReference; lastKnownFileType = sourcecode.swift; path = AppDelegate.swift; sourceTree = "<group>"; };
		F7B89F9123B6986400F3F87F /* SceneDelegate.swift */ = {isa = PBXFileReference; lastKnownFileType = sourcecode.swift; path = SceneDelegate.swift; sourceTree = "<group>"; };
		F7B89F9323B6986400F3F87F /* ViewController.swift */ = {isa = PBXFileReference; lastKnownFileType = sourcecode.swift; path = ViewController.swift; sourceTree = "<group>"; };
		F7B89F9623B6986400F3F87F /* Base */ = {isa = PBXFileReference; lastKnownFileType = file.storyboard; name = Base; path = Base.lproj/Main.storyboard; sourceTree = "<group>"; };
		F7B89F9823B6986B00F3F87F /* Assets.xcassets */ = {isa = PBXFileReference; lastKnownFileType = folder.assetcatalog; path = Assets.xcassets; sourceTree = "<group>"; };
		F7B89F9B23B6986B00F3F87F /* Base */ = {isa = PBXFileReference; lastKnownFileType = file.storyboard; name = Base; path = Base.lproj/LaunchScreen.storyboard; sourceTree = "<group>"; };
		F7B89F9D23B6986B00F3F87F /* Info.plist */ = {isa = PBXFileReference; lastKnownFileType = text.plist.xml; path = Info.plist; sourceTree = "<group>"; };
		F7B89FA323B69D2400F3F87F /* CategoriesLoader.swift */ = {isa = PBXFileReference; lastKnownFileType = sourcecode.swift; path = CategoriesLoader.swift; sourceTree = "<group>"; };
		F7B89FA523B69D7A00F3F87F /* JSONStructure.swift */ = {isa = PBXFileReference; lastKnownFileType = sourcecode.swift; path = JSONStructure.swift; sourceTree = "<group>"; };
/* End PBXFileReference section */

/* Begin PBXFrameworksBuildPhase section */
		F7B89F8923B6986400F3F87F /* Frameworks */ = {
			isa = PBXFrameworksBuildPhase;
			buildActionMask = 2147483647;
			files = (
				B79E35614A0B475996DFB55A /* Pods_BlackStarWearDiplomaApp.framework in Frameworks */,
			);
			runOnlyForDeploymentPostprocessing = 0;
		};
/* End PBXFrameworksBuildPhase section */

/* Begin PBXGroup section */
		1B8E898891E76DA6932D3A0F /* Frameworks */ = {
			isa = PBXGroup;
			children = (
				21F13306C736B1B0DDE5E898 /* Pods_BlackStarWearDiplomaApp.framework */,
			);
			name = Frameworks;
			sourceTree = "<group>";
		};
		521E164717129B1CB2887976 /* Pods */ = {
			isa = PBXGroup;
			children = (
				29C1B5E8E0F53A3818073E24 /* Pods-BlackStarWearDiplomaApp.debug.xcconfig */,
				AD3DC5546B2CFCCB8BBD1D43 /* Pods-BlackStarWearDiplomaApp.release.xcconfig */,
			);
			path = Pods;
			sourceTree = "<group>";
		};
		F7B89F8323B6986400F3F87F = {
			isa = PBXGroup;
			children = (
				F7B89F8E23B6986400F3F87F /* BlackStarWearDiplomaApp */,
				F7B89F8D23B6986400F3F87F /* Products */,
				521E164717129B1CB2887976 /* Pods */,
				1B8E898891E76DA6932D3A0F /* Frameworks */,
			);
			sourceTree = "<group>";
		};
		F7B89F8D23B6986400F3F87F /* Products */ = {
			isa = PBXGroup;
			children = (
				F7B89F8C23B6986400F3F87F /* BlackStarWearDiplomaApp.app */,
			);
			name = Products;
			sourceTree = "<group>";
		};
		F7B89F8E23B6986400F3F87F /* BlackStarWearDiplomaApp */ = {
			isa = PBXGroup;
			children = (
				F7B89F8F23B6986400F3F87F /* AppDelegate.swift */,
				F7B89F9123B6986400F3F87F /* SceneDelegate.swift */,
				F7B89F9323B6986400F3F87F /* ViewController.swift */,
				F7B89FA323B69D2400F3F87F /* CategoriesLoader.swift */,
				F7B89FA523B69D7A00F3F87F /* JSONStructure.swift */,
				F7B89F9523B6986400F3F87F /* Main.storyboard */,
				F7B89F9823B6986B00F3F87F /* Assets.xcassets */,
				F7B89F9A23B6986B00F3F87F /* LaunchScreen.storyboard */,
				F7B89F9D23B6986B00F3F87F /* Info.plist */,
			);
			path = BlackStarWearDiplomaApp;
			sourceTree = "<group>";
		};
/* End PBXGroup section */

/* Begin PBXNativeTarget section */
		F7B89F8B23B6986400F3F87F /* BlackStarWearDiplomaApp */ = {
			isa = PBXNativeTarget;
			buildConfigurationList = F7B89FA023B6986B00F3F87F /* Build configuration list for PBXNativeTarget "BlackStarWearDiplomaApp" */;
			buildPhases = (
				735DA61DCBC89CD59276D992 /* [CP] Check Pods Manifest.lock */,
				F7B89F8823B6986400F3F87F /* Sources */,
				F7B89F8923B6986400F3F87F /* Frameworks */,
				F7B89F8A23B6986400F3F87F /* Resources */,
				B6BD9894DB1F58C25BA70C4F /* [CP] Embed Pods Frameworks */,
			);
			buildRules = (
			);
			dependencies = (
			);
			name = BlackStarWearDiplomaApp;
			productName = BlackStarWearDiplomaApp;
			productReference = F7B89F8C23B6986400F3F87F /* BlackStarWearDiplomaApp.app */;
			productType = "com.apple.product-type.application";
		};
/* End PBXNativeTarget section */

/* Begin PBXProject section */
		F7B89F8423B6986400F3F87F /* Project object */ = {
			isa = PBXProject;
			attributes = {
				LastSwiftUpdateCheck = 1120;
				LastUpgradeCheck = 1120;
				ORGANIZATIONNAME = LY;
				TargetAttributes = {
					F7B89F8B23B6986400F3F87F = {
						CreatedOnToolsVersion = 11.2;
					};
				};
			};
			buildConfigurationList = F7B89F8723B6986400F3F87F /* Build configuration list for PBXProject "BlackStarWearDiplomaApp" */;
			compatibilityVersion = "Xcode 9.3";
			developmentRegion = en;
			hasScannedForEncodings = 0;
			knownRegions = (
				en,
				Base,
			);
			mainGroup = F7B89F8323B6986400F3F87F;
			productRefGroup = F7B89F8D23B6986400F3F87F /* Products */;
			projectDirPath = "";
			projectRoot = "";
			targets = (
				F7B89F8B23B6986400F3F87F /* BlackStarWearDiplomaApp */,
			);
		};
/* End PBXProject section */

/* Begin PBXResourcesBuildPhase section */
		F7B89F8A23B6986400F3F87F /* Resources */ = {
			isa = PBXResourcesBuildPhase;
			buildActionMask = 2147483647;
			files = (
				F7B89F9C23B6986B00F3F87F /* LaunchScreen.storyboard in Resources */,
				F7B89F9923B6986B00F3F87F /* Assets.xcassets in Resources */,
				F7B89F9723B6986400F3F87F /* Main.storyboard in Resources */,
			);
			runOnlyForDeploymentPostprocessing = 0;
		};
/* End PBXResourcesBuildPhase section */

/* Begin PBXShellScriptBuildPhase section */
		735DA61DCBC89CD59276D992 /* [CP] Check Pods Manifest.lock */ = {
			isa = PBXShellScriptBuildPhase;
			buildActionMask = 2147483647;
			files = (
			);
			inputFileListPaths = (
			);
			inputPaths = (
				"${PODS_PODFILE_DIR_PATH}/Podfile.lock",
				"${PODS_ROOT}/Manifest.lock",
			);
			name = "[CP] Check Pods Manifest.lock";
			outputFileListPaths = (
			);
			outputPaths = (
				"$(DERIVED_FILE_DIR)/Pods-BlackStarWearDiplomaApp-checkManifestLockResult.txt",
			);
			runOnlyForDeploymentPostprocessing = 0;
			shellPath = /bin/sh;
			shellScript = "diff \"${PODS_PODFILE_DIR_PATH}/Podfile.lock\" \"${PODS_ROOT}/Manifest.lock\" > /dev/null\nif [ $? != 0 ] ; then\n    # print error to STDERR\n    echo \"error: The sandbox is not in sync with the Podfile.lock. Run 'pod install' or update your CocoaPods installation.\" >&2\n    exit 1\nfi\n# This output is used by Xcode 'outputs' to avoid re-running this script phase.\necho \"SUCCESS\" > \"${SCRIPT_OUTPUT_FILE_0}\"\n";
			showEnvVarsInLog = 0;
		};
		B6BD9894DB1F58C25BA70C4F /* [CP] Embed Pods Frameworks */ = {
			isa = PBXShellScriptBuildPhase;
			buildActionMask = 2147483647;
			files = (
			);
			inputFileListPaths = (
				"${PODS_ROOT}/Target Support Files/Pods-BlackStarWearDiplomaApp/Pods-BlackStarWearDiplomaApp-frameworks-${CONFIGURATION}-input-files.xcfilelist",
			);
			name = "[CP] Embed Pods Frameworks";
			outputFileListPaths = (
				"${PODS_ROOT}/Target Support Files/Pods-BlackStarWearDiplomaApp/Pods-BlackStarWearDiplomaApp-frameworks-${CONFIGURATION}-output-files.xcfilelist",
			);
			runOnlyForDeploymentPostprocessing = 0;
			shellPath = /bin/sh;
			shellScript = "\"${PODS_ROOT}/Target Support Files/Pods-BlackStarWearDiplomaApp/Pods-BlackStarWearDiplomaApp-frameworks.sh\"\n";
			showEnvVarsInLog = 0;
		};
/* End PBXShellScriptBuildPhase section */

/* Begin PBXSourcesBuildPhase section */
		F7B89F8823B6986400F3F87F /* Sources */ = {
			isa = PBXSourcesBuildPhase;
			buildActionMask = 2147483647;
			files = (
				F7B89F9423B6986400F3F87F /* ViewController.swift in Sources */,
				F7B89F9023B6986400F3F87F /* AppDelegate.swift in Sources */,
				F7B89FA423B69D2400F3F87F /* CategoriesLoader.swift in Sources */,
				F7B89F9223B6986400F3F87F /* SceneDelegate.swift in Sources */,
				F7B89FA623B69D7A00F3F87F /* JSONStructure.swift in Sources */,
			);
			runOnlyForDeploymentPostprocessing = 0;
		};
/* End PBXSourcesBuildPhase section */

/* Begin PBXVariantGroup section */
		F7B89F9523B6986400F3F87F /* Main.storyboard */ = {
			isa = PBXVariantGroup;
			children = (
				F7B89F9623B6986400F3F87F /* Base */,
			);
			name = Main.storyboard;
			sourceTree = "<group>";
		};
		F7B89F9A23B6986B00F3F87F /* LaunchScreen.storyboard */ = {
			isa = PBXVariantGroup;
			children = (
				F7B89F9B23B6986B00F3F87F /* Base */,
			);
			name = LaunchScreen.storyboard;
			sourceTree = "<group>";
		};
/* End PBXVariantGroup section */

/* Begin XCBuildConfiguration section */
		F7B89F9E23B6986B00F3F87F /* Debug */ = {
			isa = XCBuildConfiguration;
			buildSettings = {
				ALWAYS_SEARCH_USER_PATHS = NO;
				CLANG_ANALYZER_NONNULL = YES;
				CLANG_ANALYZER_NUMBER_OBJECT_CONVERSION = YES_AGGRESSIVE;
				CLANG_CXX_LANGUAGE_STANDARD = "gnu++14";
				CLANG_CXX_LIBRARY = "libc++";
				CLANG_ENABLE_MODULES = YES;
				CLANG_ENABLE_OBJC_ARC = YES;
				CLANG_ENABLE_OBJC_WEAK = YES;
				CLANG_WARN_BLOCK_CAPTURE_AUTORELEASING = YES;
				CLANG_WARN_BOOL_CONVERSION = YES;
				CLANG_WARN_COMMA = YES;
				CLANG_WARN_CONSTANT_CONVERSION = YES;
				CLANG_WARN_DEPRECATED_OBJC_IMPLEMENTATIONS = YES;
				CLANG_WARN_DIRECT_OBJC_ISA_USAGE = YES_ERROR;
				CLANG_WARN_DOCUMENTATION_COMMENTS = YES;
				CLANG_WARN_EMPTY_BODY = YES;
				CLANG_WARN_ENUM_CONVERSION = YES;
				CLANG_WARN_INFINITE_RECURSION = YES;
				CLANG_WARN_INT_CONVERSION = YES;
				CLANG_WARN_NON_LITERAL_NULL_CONVERSION = YES;
				CLANG_WARN_OBJC_IMPLICIT_RETAIN_SELF = YES;
				CLANG_WARN_OBJC_LITERAL_CONVERSION = YES;
				CLANG_WARN_OBJC_ROOT_CLASS = YES_ERROR;
				CLANG_WARN_RANGE_LOOP_ANALYSIS = YES;
				CLANG_WARN_STRICT_PROTOTYPES = YES;
				CLANG_WARN_SUSPICIOUS_MOVE = YES;
				CLANG_WARN_UNGUARDED_AVAILABILITY = YES_AGGRESSIVE;
				CLANG_WARN_UNREACHABLE_CODE = YES;
				CLANG_WARN__DUPLICATE_METHOD_MATCH = YES;
				COPY_PHASE_STRIP = NO;
				DEBUG_INFORMATION_FORMAT = dwarf;
				ENABLE_STRICT_OBJC_MSGSEND = YES;
				ENABLE_TESTABILITY = YES;
				GCC_C_LANGUAGE_STANDARD = gnu11;
				GCC_DYNAMIC_NO_PIC = NO;
				GCC_NO_COMMON_BLOCKS = YES;
				GCC_OPTIMIZATION_LEVEL = 0;
				GCC_PREPROCESSOR_DEFINITIONS = (
					"DEBUG=1",
					"$(inherited)",
				);
				GCC_WARN_64_TO_32_BIT_CONVERSION = YES;
				GCC_WARN_ABOUT_RETURN_TYPE = YES_ERROR;
				GCC_WARN_UNDECLARED_SELECTOR = YES;
				GCC_WARN_UNINITIALIZED_AUTOS = YES_AGGRESSIVE;
				GCC_WARN_UNUSED_FUNCTION = YES;
				GCC_WARN_UNUSED_VARIABLE = YES;
				IPHONEOS_DEPLOYMENT_TARGET = 13.2;
				MTL_ENABLE_DEBUG_INFO = INCLUDE_SOURCE;
				MTL_FAST_MATH = YES;
				ONLY_ACTIVE_ARCH = YES;
				SDKROOT = iphoneos;
				SWIFT_ACTIVE_COMPILATION_CONDITIONS = DEBUG;
				SWIFT_OPTIMIZATION_LEVEL = "-Onone";
			};
			name = Debug;
		};
		F7B89F9F23B6986B00F3F87F /* Release */ = {
			isa = XCBuildConfiguration;
			buildSettings = {
				ALWAYS_SEARCH_USER_PATHS = NO;
				CLANG_ANALYZER_NONNULL = YES;
				CLANG_ANALYZER_NUMBER_OBJECT_CONVERSION = YES_AGGRESSIVE;
				CLANG_CXX_LANGUAGE_STANDARD = "gnu++14";
				CLANG_CXX_LIBRARY = "libc++";
				CLANG_ENABLE_MODULES = YES;
				CLANG_ENABLE_OBJC_ARC = YES;
				CLANG_ENABLE_OBJC_WEAK = YES;
				CLANG_WARN_BLOCK_CAPTURE_AUTORELEASING = YES;
				CLANG_WARN_BOOL_CONVERSION = YES;
				CLANG_WARN_COMMA = YES;
				CLANG_WARN_CONSTANT_CONVERSION = YES;
				CLANG_WARN_DEPRECATED_OBJC_IMPLEMENTATIONS = YES;
				CLANG_WARN_DIRECT_OBJC_ISA_USAGE = YES_ERROR;
				CLANG_WARN_DOCUMENTATION_COMMENTS = YES;
				CLANG_WARN_EMPTY_BODY = YES;
				CLANG_WARN_ENUM_CONVERSION = YES;
				CLANG_WARN_INFINITE_RECURSION = YES;
				CLANG_WARN_INT_CONVERSION = YES;
				CLANG_WARN_NON_LITERAL_NULL_CONVERSION = YES;
				CLANG_WARN_OBJC_IMPLICIT_RETAIN_SELF = YES;
				CLANG_WARN_OBJC_LITERAL_CONVERSION = YES;
				CLANG_WARN_OBJC_ROOT_CLASS = YES_ERROR;
				CLANG_WARN_RANGE_LOOP_ANALYSIS = YES;
				CLANG_WARN_STRICT_PROTOTYPES = YES;
				CLANG_WARN_SUSPICIOUS_MOVE = YES;
				CLANG_WARN_UNGUARDED_AVAILABILITY = YES_AGGRESSIVE;
				CLANG_WARN_UNREACHABLE_CODE = YES;
				CLANG_WARN__DUPLICATE_METHOD_MATCH = YES;
				COPY_PHASE_STRIP = NO;
				DEBUG_INFORMATION_FORMAT = "dwarf-with-dsym";
				ENABLE_NS_ASSERTIONS = NO;
				ENABLE_STRICT_OBJC_MSGSEND = YES;
				GCC_C_LANGUAGE_STANDARD = gnu11;
				GCC_NO_COMMON_BLOCKS = YES;
				GCC_WARN_64_TO_32_BIT_CONVERSION = YES;
				GCC_WARN_ABOUT_RETURN_TYPE = YES_ERROR;
				GCC_WARN_UNDECLARED_SELECTOR = YES;
				GCC_WARN_UNINITIALIZED_AUTOS = YES_AGGRESSIVE;
				GCC_WARN_UNUSED_FUNCTION = YES;
				GCC_WARN_UNUSED_VARIABLE = YES;
				IPHONEOS_DEPLOYMENT_TARGET = 13.2;
				MTL_ENABLE_DEBUG_INFO = NO;
				MTL_FAST_MATH = YES;
				SDKROOT = iphoneos;
				SWIFT_COMPILATION_MODE = wholemodule;
				SWIFT_OPTIMIZATION_LEVEL = "-O";
				VALIDATE_PRODUCT = YES;
			};
			name = Release;
		};
		F7B89FA123B6986B00F3F87F /* Debug */ = {
			isa = XCBuildConfiguration;
			baseConfigurationReference = 29C1B5E8E0F53A3818073E24 /* Pods-BlackStarWearDiplomaApp.debug.xcconfig */;
			buildSettings = {
				ASSETCATALOG_COMPILER_APPICON_NAME = AppIcon;
				CODE_SIGN_STYLE = Automatic;
				INFOPLIST_FILE = BlackStarWearDiplomaApp/Info.plist;
				LD_RUNPATH_SEARCH_PATHS = (
					"$(inherited)",
					"@executable_path/Frameworks",
				);
				PRODUCT_BUNDLE_IDENTIFIER = LY.BlackStarWearDiplomaApp;
				PRODUCT_NAME = "$(TARGET_NAME)";
				SWIFT_VERSION = 5.0;
				TARGETED_DEVICE_FAMILY = "1,2";
			};
			name = Debug;
		};
		F7B89FA223B6986B00F3F87F /* Release */ = {
			isa = XCBuildConfiguration;
			baseConfigurationReference = AD3DC5546B2CFCCB8BBD1D43 /* Pods-BlackStarWearDiplomaApp.release.xcconfig */;
			buildSettings = {
				ASSETCATALOG_COMPILER_APPICON_NAME = AppIcon;
				CODE_SIGN_STYLE = Automatic;
				INFOPLIST_FILE = BlackStarWearDiplomaApp/Info.plist;
				LD_RUNPATH_SEARCH_PATHS = (
					"$(inherited)",
					"@executable_path/Frameworks",
				);
				PRODUCT_BUNDLE_IDENTIFIER = LY.BlackStarWearDiplomaApp;
				PRODUCT_NAME = "$(TARGET_NAME)";
				SWIFT_VERSION = 5.0;
				TARGETED_DEVICE_FAMILY = "1,2";
			};
			name = Release;
		};
/* End XCBuildConfiguration section */

/* Begin XCConfigurationList section */
		F7B89F8723B6986400F3F87F /* Build configuration list for PBXProject "BlackStarWearDiplomaApp" */ = {
			isa = XCConfigurationList;
			buildConfigurations = (
				F7B89F9E23B6986B00F3F87F /* Debug */,
				F7B89F9F23B6986B00F3F87F /* Release */,
			);
			defaultConfigurationIsVisible = 0;
			defaultConfigurationName = Release;
		};
		F7B89FA023B6986B00F3F87F /* Build configuration list for PBXNativeTarget "BlackStarWearDiplomaApp" */ = {
			isa = XCConfigurationList;
			buildConfigurations = (
				F7B89FA123B6986B00F3F87F /* Debug */,
				F7B89FA223B6986B00F3F87F /* Release */,
			);
			defaultConfigurationIsVisible = 0;
			defaultConfigurationName = Release;
		};
/* End XCConfigurationList section */
	};
	rootObject = F7B89F8423B6986400F3F87F /* Project object */;
}
